
Microsoft Visual Studio Solution File, Format Version 12.00
# Visual Studio Version 16
VisualStudioVersion = 16.0.31410.357
MinimumVisualStudioVersion = 10.0.40219.1
Project("{FAE04EC0-301F-11D3-BF4B-00C04F79EFBC}") = "ConsoleApp1", "ConsoleApp1\ConsoleApp1.csproj", "{4243F6DD-E196-4B54-882F-CB7CC5A0D890}"
EndProject
Project("{FAE04EC0-301F-11D3-BF4B-00C04F79EFBC}") = "UnitTestProject1", "UnitTestProject1\UnitTestProject1.csproj", "{336E4630-29A2-48E6-BCB1-2C58D832A22C}"
EndProject
Global
	GlobalSection(SolutionConfigurationPlatforms) = preSolution
		Debug|Any CPU = Debug|Any CPU
		Release|Any CPU = Release|Any CPU
	EndGlobalSection
	GlobalSection(ProjectConfigurationPlatforms) = postSolution
		{4243F6DD-E196-4B54-882F-CB7CC5A0D890}.Debug|Any CPU.ActiveCfg = Debug|Any CPU
		{4243F6DD-E196-4B54-882F-CB7CC5A0D890}.Debug|Any CPU.Build.0 = Debug|Any CPU
		{4243F6DD-E196-4B54-882F-CB7CC5A0D890}.Release|Any CPU.ActiveCfg = Release|Any CPU
		{4243F6DD-E196-4B54-882F-CB7CC5A0D890}.Release|Any CPU.Build.0 = Release|Any CPU
		{336E4630-29A2-48E6-BCB1-2C58D832A22C}.Debug|Any CPU.ActiveCfg = Debug|Any CPU
		{336E4630-29A2-48E6-BCB1-2C58D832A22C}.Debug|Any CPU.Build.0 = Debug|Any CPU
		{336E4630-29A2-48E6-BCB1-2C58D832A22C}.Release|Any CPU.ActiveCfg = Release|Any CPU
		{336E4630-29A2-48E6-BCB1-2C58D832A22C}.Release|Any CPU.Build.0 = Release|Any CPU
	EndGlobalSection
	GlobalSection(SolutionProperties) = preSolution
		HideSolutionNode = FALSE
	EndGlobalSection
	GlobalSection(ExtensibilityGlobals) = postSolution
		SolutionGuid = {A9C00EE8-BC52-43E5-A5C4-F96448C32D5E}
	EndGlobalSection
EndGlobal
